
Microsoft Visual Studio Solution File, Format Version 12.00
# Visual Studio Version 16
VisualStudioVersion = 16.0.30717.126
MinimumVisualStudioVersion = 10.0.40219.1
Project("{FAE04EC0-301F-11D3-BF4B-00C04F79EFBC}") = "ActivityTracker.API", "ActivityTracker.API\ActivityTracker.API.csproj", "{E9676B9F-9602-47E6-8702-E4E2BF5C0955}"
EndProject
Project("{FAE04EC0-301F-11D3-BF4B-00C04F79EFBC}") = "ActivityTracker.Persistance", "ActivityTracker.Persistance\ActivityTracker.Persistance.csproj", "{0ED0CA91-AB1A-4EA3-B08D-1DABC7727867}"
EndProject
Project("{FAE04EC0-301F-11D3-BF4B-00C04F79EFBC}") = "ActivityTracker.Domain", "ActivityTracker.Domain\ActivityTracker.Domain.csproj", "{C59D7309-A84F-49B0-BB9F-BD12CB59503B}"
EndProject
Project("{FAE04EC0-301F-11D3-BF4B-00C04F79EFBC}") = "ActivityTracker.Application", "ActivityTracker.Application\ActivityTracker.Application.csproj", "{96347CF4-3AAE-4ED2-9498-F8FD2AA893CB}"
EndProject
Global
	GlobalSection(SolutionConfigurationPlatforms) = preSolution
		Debug|Any CPU = Debug|Any CPU
		Release|Any CPU = Release|Any CPU
	EndGlobalSection
	GlobalSection(ProjectConfigurationPlatforms) = postSolution
		{E9676B9F-9602-47E6-8702-E4E2BF5C0955}.Debug|Any CPU.ActiveCfg = Debug|Any CPU
		{E9676B9F-9602-47E6-8702-E4E2BF5C0955}.Debug|Any CPU.Build.0 = Debug|Any CPU
		{E9676B9F-9602-47E6-8702-E4E2BF5C0955}.Release|Any CPU.ActiveCfg = Release|Any CPU
		{E9676B9F-9602-47E6-8702-E4E2BF5C0955}.Release|Any CPU.Build.0 = Release|Any CPU
		{0ED0CA91-AB1A-4EA3-B08D-1DABC7727867}.Debug|Any CPU.ActiveCfg = Debug|Any CPU
		{0ED0CA91-AB1A-4EA3-B08D-1DABC7727867}.Debug|Any CPU.Build.0 = Debug|Any CPU
		{0ED0CA91-AB1A-4EA3-B08D-1DABC7727867}.Release|Any CPU.ActiveCfg = Release|Any CPU
		{0ED0CA91-AB1A-4EA3-B08D-1DABC7727867}.Release|Any CPU.Build.0 = Release|Any CPU
		{C59D7309-A84F-49B0-BB9F-BD12CB59503B}.Debug|Any CPU.ActiveCfg = Debug|Any CPU
		{C59D7309-A84F-49B0-BB9F-BD12CB59503B}.Debug|Any CPU.Build.0 = Debug|Any CPU
		{C59D7309-A84F-49B0-BB9F-BD12CB59503B}.Release|Any CPU.ActiveCfg = Release|Any CPU
		{C59D7309-A84F-49B0-BB9F-BD12CB59503B}.Release|Any CPU.Build.0 = Release|Any CPU
		{96347CF4-3AAE-4ED2-9498-F8FD2AA893CB}.Debug|Any CPU.ActiveCfg = Debug|Any CPU
		{96347CF4-3AAE-4ED2-9498-F8FD2AA893CB}.Debug|Any CPU.Build.0 = Debug|Any CPU
		{96347CF4-3AAE-4ED2-9498-F8FD2AA893CB}.Release|Any CPU.ActiveCfg = Release|Any CPU
		{96347CF4-3AAE-4ED2-9498-F8FD2AA893CB}.Release|Any CPU.Build.0 = Release|Any CPU
	EndGlobalSection
	GlobalSection(SolutionProperties) = preSolution
		HideSolutionNode = FALSE
	EndGlobalSection
	GlobalSection(ExtensibilityGlobals) = postSolution
		SolutionGuid = {0E910CEC-1299-4B5F-AB4E-C4D56BD14F0B}
	EndGlobalSection
EndGlobal
